
Microsoft Visual Studio Solution File, Format Version 12.00
# Visual Studio 15
VisualStudioVersion = 15.0.28307.421
MinimumVisualStudioVersion = 10.0.40219.1
Project("{FAE04EC0-301F-11D3-BF4B-00C04F79EFBC}") = "ParkingGarage", "ParkingGarage\ParkingGarage.csproj", "{B074802E-2827-42DF-B897-5326E2D7B095}"
EndProject
Global
	GlobalSection(SolutionConfigurationPlatforms) = preSolution
		Debug|Any CPU = Debug|Any CPU
		Release|Any CPU = Release|Any CPU
	EndGlobalSection
	GlobalSection(ProjectConfigurationPlatforms) = postSolution
		{B074802E-2827-42DF-B897-5326E2D7B095}.Debug|Any CPU.ActiveCfg = Debug|Any CPU
		{B074802E-2827-42DF-B897-5326E2D7B095}.Debug|Any CPU.Build.0 = Debug|Any CPU
		{B074802E-2827-42DF-B897-5326E2D7B095}.Release|Any CPU.ActiveCfg = Release|Any CPU
		{B074802E-2827-42DF-B897-5326E2D7B095}.Release|Any CPU.Build.0 = Release|Any CPU
	EndGlobalSection
	GlobalSection(SolutionProperties) = preSolution
		HideSolutionNode = FALSE
	EndGlobalSection
	GlobalSection(ExtensibilityGlobals) = postSolution
		SolutionGuid = {7CC6D5DB-7744-4272-9AC3-CCDEBC25D1CB}
	EndGlobalSection
EndGlobal
